
Microsoft Visual Studio Solution File, Format Version 12.00
# Visual Studio Version 17
VisualStudioVersion = 17.3.32922.545
MinimumVisualStudioVersion = 10.0.40219.1
Project("{FAE04EC0-301F-11D3-BF4B-00C04F79EFBC}") = "WinFormsCalculator", "WinFormsCalculator\WinFormsCalculator.csproj", "{1BAE294C-8E14-4F86-B350-95F717CDADE4}"
EndProject
Global
	GlobalSection(SolutionConfigurationPlatforms) = preSolution
		Debug|Any CPU = Debug|Any CPU
		Release|Any CPU = Release|Any CPU
	EndGlobalSection
	GlobalSection(ProjectConfigurationPlatforms) = postSolution
		{1BAE294C-8E14-4F86-B350-95F717CDADE4}.Debug|Any CPU.ActiveCfg = Debug|Any CPU
		{1BAE294C-8E14-4F86-B350-95F717CDADE4}.Debug|Any CPU.Build.0 = Debug|Any CPU
		{1BAE294C-8E14-4F86-B350-95F717CDADE4}.Release|Any CPU.ActiveCfg = Release|Any CPU
		{1BAE294C-8E14-4F86-B350-95F717CDADE4}.Release|Any CPU.Build.0 = Release|Any CPU
	EndGlobalSection
	GlobalSection(SolutionProperties) = preSolution
		HideSolutionNode = FALSE
	EndGlobalSection
	GlobalSection(ExtensibilityGlobals) = postSolution
		SolutionGuid = {7226419E-57B0-4769-AED9-036C1AFA496F}
	EndGlobalSection
EndGlobal
